
Microsoft Visual Studio Solution File, Format Version 12.00
# Visual Studio 15
VisualStudioVersion = 15.0.27004.2005
MinimumVisualStudioVersion = 10.0.40219.1
Project("{FAE04EC0-301F-11D3-BF4B-00C04F79EFBC}") = "Twitify", "Twitify.csproj", "{90C47B1F-5CDF-44A9-AC0F-0D9FFBB4CFAE}"
EndProject
Global
	GlobalSection(SolutionConfigurationPlatforms) = preSolution
		Debug|Any CPU = Debug|Any CPU
		Release|Any CPU = Release|Any CPU
	EndGlobalSection
	GlobalSection(ProjectConfigurationPlatforms) = postSolution
		{90C47B1F-5CDF-44A9-AC0F-0D9FFBB4CFAE}.Debug|Any CPU.ActiveCfg = Debug|Any CPU
		{90C47B1F-5CDF-44A9-AC0F-0D9FFBB4CFAE}.Debug|Any CPU.Build.0 = Debug|Any CPU
		{90C47B1F-5CDF-44A9-AC0F-0D9FFBB4CFAE}.Release|Any CPU.ActiveCfg = Release|Any CPU
		{90C47B1F-5CDF-44A9-AC0F-0D9FFBB4CFAE}.Release|Any CPU.Build.0 = Release|Any CPU
	EndGlobalSection
	GlobalSection(SolutionProperties) = preSolution
		HideSolutionNode = FALSE
	EndGlobalSection
	GlobalSection(ExtensibilityGlobals) = postSolution
		SolutionGuid = {7F6C3ED3-87D0-4C87-82FA-7B07B956995B}
	EndGlobalSection
EndGlobal
